
Microsoft Visual Studio Solution File, Format Version 12.00
# Visual Studio Version 16
VisualStudioVersion = 16.0.31729.503
MinimumVisualStudioVersion = 10.0.40219.1
Project("{8BC9CEB8-8B4A-11D0-8D11-00A0C91BC942}") = "Project32", "Project32.vcxproj", "{BECD83DE-95DD-48C1-8C6B-CF49C2666DFB}"
EndProject
Global
	GlobalSection(SolutionConfigurationPlatforms) = preSolution
		Debug|x64 = Debug|x64
		Debug|x86 = Debug|x86
		Release|x64 = Release|x64
		Release|x86 = Release|x86
	EndGlobalSection
	GlobalSection(ProjectConfigurationPlatforms) = postSolution
		{BECD83DE-95DD-48C1-8C6B-CF49C2666DFB}.Debug|x64.ActiveCfg = Debug|x64
		{BECD83DE-95DD-48C1-8C6B-CF49C2666DFB}.Debug|x64.Build.0 = Debug|x64
		{BECD83DE-95DD-48C1-8C6B-CF49C2666DFB}.Debug|x86.ActiveCfg = Debug|Win32
		{BECD83DE-95DD-48C1-8C6B-CF49C2666DFB}.Debug|x86.Build.0 = Debug|Win32
		{BECD83DE-95DD-48C1-8C6B-CF49C2666DFB}.Release|x64.ActiveCfg = Release|x64
		{BECD83DE-95DD-48C1-8C6B-CF49C2666DFB}.Release|x64.Build.0 = Release|x64
		{BECD83DE-95DD-48C1-8C6B-CF49C2666DFB}.Release|x86.ActiveCfg = Release|Win32
		{BECD83DE-95DD-48C1-8C6B-CF49C2666DFB}.Release|x86.Build.0 = Release|Win32
	EndGlobalSection
	GlobalSection(SolutionProperties) = preSolution
		HideSolutionNode = FALSE
	EndGlobalSection
	GlobalSection(ExtensibilityGlobals) = postSolution
		SolutionGuid = {AADA7F8C-D54F-4DFD-B7C6-D7AC1AD44954}
	EndGlobalSection
EndGlobal
